
Microsoft Visual Studio Solution File, Format Version 12.00
# Visual Studio Version 17
VisualStudioVersion = 17.1.32421.90
MinimumVisualStudioVersion = 10.0.40219.1
Project("{8BC9CEB8-8B4A-11D0-8D11-00A0C91BC942}") = "GodString", "GodString\GodString.vcxproj", "{2668C85B-87E7-4FCF-9A9A-FCE9933C30C2}"
EndProject
Global
	GlobalSection(SolutionConfigurationPlatforms) = preSolution
		Debug|x64 = Debug|x64
		Debug|x86 = Debug|x86
		Release|x64 = Release|x64
		Release|x86 = Release|x86
	EndGlobalSection
	GlobalSection(ProjectConfigurationPlatforms) = postSolution
		{2668C85B-87E7-4FCF-9A9A-FCE9933C30C2}.Debug|x64.ActiveCfg = Debug|x64
		{2668C85B-87E7-4FCF-9A9A-FCE9933C30C2}.Debug|x64.Build.0 = Debug|x64
		{2668C85B-87E7-4FCF-9A9A-FCE9933C30C2}.Debug|x86.ActiveCfg = Debug|Win32
		{2668C85B-87E7-4FCF-9A9A-FCE9933C30C2}.Debug|x86.Build.0 = Debug|Win32
		{2668C85B-87E7-4FCF-9A9A-FCE9933C30C2}.Release|x64.ActiveCfg = Release|x64
		{2668C85B-87E7-4FCF-9A9A-FCE9933C30C2}.Release|x64.Build.0 = Release|x64
		{2668C85B-87E7-4FCF-9A9A-FCE9933C30C2}.Release|x86.ActiveCfg = Release|Win32
		{2668C85B-87E7-4FCF-9A9A-FCE9933C30C2}.Release|x86.Build.0 = Release|Win32
	EndGlobalSection
	GlobalSection(SolutionProperties) = preSolution
		HideSolutionNode = FALSE
	EndGlobalSection
	GlobalSection(ExtensibilityGlobals) = postSolution
		SolutionGuid = {D335565E-860F-43A5-95EE-552F45C75747}
	EndGlobalSection
EndGlobal
